
Microsoft Visual Studio Solution File, Format Version 12.00
# Visual Studio Version 16
VisualStudioVersion = 16.0.31424.327
MinimumVisualStudioVersion = 10.0.40219.1
Project("{FAE04EC0-301F-11D3-BF4B-00C04F79EFBC}") = "Calculator.Test", "Calculator.Test\Calculator.Test.csproj", "{6D2C9AE4-4EDE-4562-A963-84D772E8129E}"
EndProject
Project("{FAE04EC0-301F-11D3-BF4B-00C04F79EFBC}") = "Calculator.Library", "Calculator.Library\Calculator.Library.csproj", "{E398E161-8BDE-42AF-8C80-477764A28DDD}"
EndProject
Global
	GlobalSection(SolutionConfigurationPlatforms) = preSolution
		Debug|Any CPU = Debug|Any CPU
		Release|Any CPU = Release|Any CPU
	EndGlobalSection
	GlobalSection(ProjectConfigurationPlatforms) = postSolution
		{6D2C9AE4-4EDE-4562-A963-84D772E8129E}.Debug|Any CPU.ActiveCfg = Debug|Any CPU
		{6D2C9AE4-4EDE-4562-A963-84D772E8129E}.Debug|Any CPU.Build.0 = Debug|Any CPU
		{6D2C9AE4-4EDE-4562-A963-84D772E8129E}.Release|Any CPU.ActiveCfg = Release|Any CPU
		{6D2C9AE4-4EDE-4562-A963-84D772E8129E}.Release|Any CPU.Build.0 = Release|Any CPU
		{E398E161-8BDE-42AF-8C80-477764A28DDD}.Debug|Any CPU.ActiveCfg = Debug|Any CPU
		{E398E161-8BDE-42AF-8C80-477764A28DDD}.Debug|Any CPU.Build.0 = Debug|Any CPU
		{E398E161-8BDE-42AF-8C80-477764A28DDD}.Release|Any CPU.ActiveCfg = Release|Any CPU
		{E398E161-8BDE-42AF-8C80-477764A28DDD}.Release|Any CPU.Build.0 = Release|Any CPU
	EndGlobalSection
	GlobalSection(SolutionProperties) = preSolution
		HideSolutionNode = FALSE
	EndGlobalSection
	GlobalSection(ExtensibilityGlobals) = postSolution
		SolutionGuid = {93421338-4D73-43B6-9582-B807D6F98AD9}
	EndGlobalSection
EndGlobal
